
Microsoft Visual Studio Solution File, Format Version 12.00
# Visual Studio Version 16
VisualStudioVersion = 16.0.31624.102
MinimumVisualStudioVersion = 10.0.40219.1
Project("{FAE04EC0-301F-11D3-BF4B-00C04F79EFBC}") = "calculator winf", "calculator winf\calculator winf.csproj", "{8E93B1C3-DA94-4F4D-A44D-EEFD1537A772}"
EndProject
Global
	GlobalSection(SolutionConfigurationPlatforms) = preSolution
		Debug|Any CPU = Debug|Any CPU
		Release|Any CPU = Release|Any CPU
	EndGlobalSection
	GlobalSection(ProjectConfigurationPlatforms) = postSolution
		{8E93B1C3-DA94-4F4D-A44D-EEFD1537A772}.Debug|Any CPU.ActiveCfg = Debug|Any CPU
		{8E93B1C3-DA94-4F4D-A44D-EEFD1537A772}.Debug|Any CPU.Build.0 = Debug|Any CPU
		{8E93B1C3-DA94-4F4D-A44D-EEFD1537A772}.Release|Any CPU.ActiveCfg = Release|Any CPU
		{8E93B1C3-DA94-4F4D-A44D-EEFD1537A772}.Release|Any CPU.Build.0 = Release|Any CPU
	EndGlobalSection
	GlobalSection(SolutionProperties) = preSolution
		HideSolutionNode = FALSE
	EndGlobalSection
	GlobalSection(ExtensibilityGlobals) = postSolution
		SolutionGuid = {1F50F6E7-782E-409E-A58B-64BECFBD4BAF}
	EndGlobalSection
EndGlobal
